
Microsoft Visual Studio Solution File, Format Version 12.00
# Visual Studio Version 17
VisualStudioVersion = 17.14.36511.14
MinimumVisualStudioVersion = 10.0.40219.1
Project("{FAE04EC0-301F-11D3-BF4B-00C04F79EFBC}") = "AuctionClock.Api", "backend\AuctionClock.Api\AuctionClock.Api\AuctionClock.Api.csproj", "{F46CF40E-7917-41EC-E744-63BBB6AC60D9}"
EndProject
Project("{54A90642-561A-4BB1-A94E-469ADEE60C69}") = "auctionclockapp", "frontend\auctionclockapp\auctionclockapp.esproj", "{B97BC3F3-74A8-7A4B-FEE8-500E2B7E7914}"
EndProject
Project("{2150E333-8FDC-42A3-9474-1A3956D46DE8}") = "Tests", "Tests", "{02EA681E-C7D8-13C7-8484-4AC65E1B71E8}"
EndProject
Project("{2150E333-8FDC-42A3-9474-1A3956D46DE8}") = "Backend", "Backend", "{9A978975-E144-4CA2-A5DF-F8A36F155B02}"
EndProject
Project("{2150E333-8FDC-42A3-9474-1A3956D46DE8}") = "Frontend", "Frontend", "{4ECB6BB4-BC81-4C1C-9E2C-B647115987D2}"
EndProject
Project("{FAE04EC0-301F-11D3-BF4B-00C04F79EFBC}") = "AuctionClockTests", "backend\AuctionClockTests\AuctionClockTests.csproj", "{96DBBFBF-1C17-4D4F-BE13-0DA813D07EE7}"
EndProject
Global
	GlobalSection(SolutionConfigurationPlatforms) = preSolution
		Debug|Any CPU = Debug|Any CPU
		Release|Any CPU = Release|Any CPU
	EndGlobalSection
	GlobalSection(ProjectConfigurationPlatforms) = postSolution
		{F46CF40E-7917-41EC-E744-63BBB6AC60D9}.Debug|Any CPU.ActiveCfg = Debug|Any CPU
		{F46CF40E-7917-41EC-E744-63BBB6AC60D9}.Debug|Any CPU.Build.0 = Debug|Any CPU
		{F46CF40E-7917-41EC-E744-63BBB6AC60D9}.Release|Any CPU.ActiveCfg = Release|Any CPU
		{F46CF40E-7917-41EC-E744-63BBB6AC60D9}.Release|Any CPU.Build.0 = Release|Any CPU
		{B97BC3F3-74A8-7A4B-FEE8-500E2B7E7914}.Debug|Any CPU.ActiveCfg = Debug|Any CPU
		{B97BC3F3-74A8-7A4B-FEE8-500E2B7E7914}.Debug|Any CPU.Build.0 = Debug|Any CPU
		{B97BC3F3-74A8-7A4B-FEE8-500E2B7E7914}.Debug|Any CPU.Deploy.0 = Debug|Any CPU
		{B97BC3F3-74A8-7A4B-FEE8-500E2B7E7914}.Release|Any CPU.ActiveCfg = Release|Any CPU
		{B97BC3F3-74A8-7A4B-FEE8-500E2B7E7914}.Release|Any CPU.Build.0 = Release|Any CPU
		{B97BC3F3-74A8-7A4B-FEE8-500E2B7E7914}.Release|Any CPU.Deploy.0 = Release|Any CPU
		{96DBBFBF-1C17-4D4F-BE13-0DA813D07EE7}.Debug|Any CPU.ActiveCfg = Debug|Any CPU
		{96DBBFBF-1C17-4D4F-BE13-0DA813D07EE7}.Debug|Any CPU.Build.0 = Debug|Any CPU
		{96DBBFBF-1C17-4D4F-BE13-0DA813D07EE7}.Release|Any CPU.ActiveCfg = Release|Any CPU
		{96DBBFBF-1C17-4D4F-BE13-0DA813D07EE7}.Release|Any CPU.Build.0 = Release|Any CPU
	EndGlobalSection
	GlobalSection(SolutionProperties) = preSolution
		HideSolutionNode = FALSE
	EndGlobalSection
	GlobalSection(NestedProjects) = preSolution
		{9A978975-E144-4CA2-A5DF-F8A36F155B02} = {02EA681E-C7D8-13C7-8484-4AC65E1B71E8}
		{4ECB6BB4-BC81-4C1C-9E2C-B647115987D2} = {02EA681E-C7D8-13C7-8484-4AC65E1B71E8}
		{96DBBFBF-1C17-4D4F-BE13-0DA813D07EE7} = {9A978975-E144-4CA2-A5DF-F8A36F155B02}
	EndGlobalSection
	GlobalSection(ExtensibilityGlobals) = postSolution
		SolutionGuid = {3993AA7E-285D-4B8E-B9E4-47569208B0A1}
	EndGlobalSection
EndGlobal
